
Microsoft Visual Studio Solution File, Format Version 12.00
# Visual Studio Version 17
VisualStudioVersion = 17.7.34031.279
MinimumVisualStudioVersion = 10.0.40219.1
Project("{9A19103F-16F7-4668-BE54-9A1E7A4F7556}") = "kbProdProj", "kbProdProj\kbProdProj.csproj", "{95214DC0-2335-4438-93E6-F9A970C0CF4F}"
EndProject
Global
	GlobalSection(SolutionConfigurationPlatforms) = preSolution
		Debug|Any CPU = Debug|Any CPU
		Release|Any CPU = Release|Any CPU
	EndGlobalSection
	GlobalSection(ProjectConfigurationPlatforms) = postSolution
		{95214DC0-2335-4438-93E6-F9A970C0CF4F}.Debug|Any CPU.ActiveCfg = Debug|Any CPU
		{95214DC0-2335-4438-93E6-F9A970C0CF4F}.Debug|Any CPU.Build.0 = Debug|Any CPU
		{95214DC0-2335-4438-93E6-F9A970C0CF4F}.Release|Any CPU.ActiveCfg = Release|Any CPU
		{95214DC0-2335-4438-93E6-F9A970C0CF4F}.Release|Any CPU.Build.0 = Release|Any CPU
	EndGlobalSection
	GlobalSection(SolutionProperties) = preSolution
		HideSolutionNode = FALSE
	EndGlobalSection
	GlobalSection(ExtensibilityGlobals) = postSolution
		SolutionGuid = {E7BEDEB9-A4CC-4CA4-B44B-91E7EA4B07D8}
	EndGlobalSection
EndGlobal
